
Microsoft Visual Studio Solution File, Format Version 12.00
# Visual Studio 15
VisualStudioVersion = 15.0.26430.14
MinimumVisualStudioVersion = 10.0.40219.1
Project("{9A19103F-16F7-4668-BE54-9A1E7A4F7556}") = "HelloSG.API", "HelloSG\HelloSG.API.csproj", "{C586B160-9AF1-4FEA-AD70-7950CD762685}"
EndProject
Project("{9A19103F-16F7-4668-BE54-9A1E7A4F7556}") = "HelloSG.Service", "HelloSGService\HelloSG.Service.csproj", "{4B28AC48-5E6E-422A-A1AC-409ED6E71860}"
EndProject
Project("{9A19103F-16F7-4668-BE54-9A1E7A4F7556}") = "HelloSG.Common", "HelloSG.Config\HelloSG.Common.csproj", "{10B3488A-6A5C-4E2F-8429-AC93757D0095}"
EndProject
Project("{9A19103F-16F7-4668-BE54-9A1E7A4F7556}") = "HelloSG.Dto", "HelloSG.Dto\HelloSG.Dto.csproj", "{714DBA36-5A47-4E64-B44E-25636CF4B519}"
EndProject
Global
	GlobalSection(SolutionConfigurationPlatforms) = preSolution
		Debug|Any CPU = Debug|Any CPU
		Release|Any CPU = Release|Any CPU
	EndGlobalSection
	GlobalSection(ProjectConfigurationPlatforms) = postSolution
		{C586B160-9AF1-4FEA-AD70-7950CD762685}.Debug|Any CPU.ActiveCfg = Debug|Any CPU
		{C586B160-9AF1-4FEA-AD70-7950CD762685}.Debug|Any CPU.Build.0 = Debug|Any CPU
		{C586B160-9AF1-4FEA-AD70-7950CD762685}.Release|Any CPU.ActiveCfg = Release|Any CPU
		{C586B160-9AF1-4FEA-AD70-7950CD762685}.Release|Any CPU.Build.0 = Release|Any CPU
		{4B28AC48-5E6E-422A-A1AC-409ED6E71860}.Debug|Any CPU.ActiveCfg = Debug|Any CPU
		{4B28AC48-5E6E-422A-A1AC-409ED6E71860}.Debug|Any CPU.Build.0 = Debug|Any CPU
		{4B28AC48-5E6E-422A-A1AC-409ED6E71860}.Release|Any CPU.ActiveCfg = Release|Any CPU
		{4B28AC48-5E6E-422A-A1AC-409ED6E71860}.Release|Any CPU.Build.0 = Release|Any CPU
		{10B3488A-6A5C-4E2F-8429-AC93757D0095}.Debug|Any CPU.ActiveCfg = Debug|Any CPU
		{10B3488A-6A5C-4E2F-8429-AC93757D0095}.Debug|Any CPU.Build.0 = Debug|Any CPU
		{10B3488A-6A5C-4E2F-8429-AC93757D0095}.Release|Any CPU.ActiveCfg = Release|Any CPU
		{10B3488A-6A5C-4E2F-8429-AC93757D0095}.Release|Any CPU.Build.0 = Release|Any CPU
		{714DBA36-5A47-4E64-B44E-25636CF4B519}.Debug|Any CPU.ActiveCfg = Debug|Any CPU
		{714DBA36-5A47-4E64-B44E-25636CF4B519}.Debug|Any CPU.Build.0 = Debug|Any CPU
		{714DBA36-5A47-4E64-B44E-25636CF4B519}.Release|Any CPU.ActiveCfg = Release|Any CPU
		{714DBA36-5A47-4E64-B44E-25636CF4B519}.Release|Any CPU.Build.0 = Release|Any CPU
	EndGlobalSection
	GlobalSection(SolutionProperties) = preSolution
		HideSolutionNode = FALSE
	EndGlobalSection
	GlobalSection(ExtensibilityGlobals) = postSolution
		SolutionGuid = {15AA4C4E-65FA-44FE-90E3-EC50E5298FE3}
	EndGlobalSection
EndGlobal
